// !$*UTF8*$!
{
	archiveVersion = 1;
	classes = {
	};
	objectVersion = 50;
	objects = {

/* Begin PBXBuildFile section */
		FB434AD72342B07C00FF4EB8 /* AppDelegate.swift in Sources */ = {isa = PBXBuildFile; fileRef = FB434AD62342B07C00FF4EB8 /* AppDelegate.swift */; };
		FB434AD92342B07C00FF4EB8 /* GamePlayVC.swift in Sources */ = {isa = PBXBuildFile; fileRef = FB434AD82342B07C00FF4EB8 /* GamePlayVC.swift */; };
		FB434ADC2342B07C00FF4EB8 /* Main.storyboard in Resources */ = {isa = PBXBuildFile; fileRef = FB434ADA2342B07C00FF4EB8 /* Main.storyboard */; };
		FB434ADE2342B07E00FF4EB8 /* Assets.xcassets in Resources */ = {isa = PBXBuildFile; fileRef = FB434ADD2342B07E00FF4EB8 /* Assets.xcassets */; };
		FB434AE12342B07E00FF4EB8 /* LaunchScreen.storyboard in Resources */ = {isa = PBXBuildFile; fileRef = FB434ADF2342B07E00FF4EB8 /* LaunchScreen.storyboard */; };
		FB434AE92342B4E800FF4EB8 /* WorldEvents.plist in Resources */ = {isa = PBXBuildFile; fileRef = FB434AE82342B4E800FF4EB8 /* WorldEvents.plist */; };
		FB8A91442344F7B6001DF0AA /* IncorrectBuzz.wav in Resources */ = {isa = PBXBuildFile; fileRef = FB8A91432344F7B6001DF0AA /* IncorrectBuzz.wav */; };
		FB8A91462344F7BF001DF0AA /* CorrectDing.wav in Resources */ = {isa = PBXBuildFile; fileRef = FB8A91452344F7BF001DF0AA /* CorrectDing.wav */; };
		FBE4C0962343FA3F00BE1C37 /* GameScoresVC.swift in Sources */ = {isa = PBXBuildFile; fileRef = FBE4C0952343FA3F00BE1C37 /* GameScoresVC.swift */; };
		FBE4C0982343FA9100BE1C37 /* Event.swift in Sources */ = {isa = PBXBuildFile; fileRef = FBE4C0972343FA9100BE1C37 /* Event.swift */; };
		FBE4C09E2343FC2D00BE1C37 /* BoutTimeGame.swift in Sources */ = {isa = PBXBuildFile; fileRef = FBE4C09D2343FC2D00BE1C37 /* BoutTimeGame.swift */; };
		FBE4C0A02343FC7A00BE1C37 /* RandomEventsGenerator.swift in Sources */ = {isa = PBXBuildFile; fileRef = FBE4C09F2343FC7A00BE1C37 /* RandomEventsGenerator.swift */; };
		FBE4C0A22343FCA700BE1C37 /* SoundEffectsPlayer.swift in Sources */ = {isa = PBXBuildFile; fileRef = FBE4C0A12343FCA700BE1C37 /* SoundEffectsPlayer.swift */; };
/* End PBXBuildFile section */

/* Begin PBXFileReference section */
		FB434AD32342B07C00FF4EB8 /* BoutTime.app */ = {isa = PBXFileReference; explicitFileType = wrapper.application; includeInIndex = 0; path = BoutTime.app; sourceTree = BUILT_PRODUCTS_DIR; };
		FB434AD62342B07C00FF4EB8 /* AppDelegate.swift */ = {isa = PBXFileReference; lastKnownFileType = sourcecode.swift; path = AppDelegate.swift; sourceTree = "<group>"; };
		FB434AD82342B07C00FF4EB8 /* GamePlayVC.swift */ = {isa = PBXFileReference; lastKnownFileType = sourcecode.swift; path = GamePlayVC.swift; sourceTree = "<group>"; };
		FB434ADB2342B07C00FF4EB8 /* Base */ = {isa = PBXFileReference; lastKnownFileType = file.storyboard; name = Base; path = Base.lproj/Main.storyboard; sourceTree = "<group>"; };
		FB434ADD2342B07E00FF4EB8 /* Assets.xcassets */ = {isa = PBXFileReference; lastKnownFileType = folder.assetcatalog; path = Assets.xcassets; sourceTree = "<group>"; };
		FB434AE02342B07E00FF4EB8 /* Base */ = {isa = PBXFileReference; lastKnownFileType = file.storyboard; name = Base; path = Base.lproj/LaunchScreen.storyboard; sourceTree = "<group>"; };
		FB434AE22342B07E00FF4EB8 /* Info.plist */ = {isa = PBXFileReference; lastKnownFileType = text.plist.xml; path = Info.plist; sourceTree = "<group>"; };
		FB434AE82342B4E800FF4EB8 /* WorldEvents.plist */ = {isa = PBXFileReference; lastKnownFileType = text.plist.xml; path = WorldEvents.plist; sourceTree = "<group>"; };
		FB8A91432344F7B6001DF0AA /* IncorrectBuzz.wav */ = {isa = PBXFileReference; lastKnownFileType = audio.wav; path = IncorrectBuzz.wav; sourceTree = "<group>"; };
		FB8A91452344F7BF001DF0AA /* CorrectDing.wav */ = {isa = PBXFileReference; lastKnownFileType = audio.wav; path = CorrectDing.wav; sourceTree = "<group>"; };
		FBE4C0952343FA3F00BE1C37 /* GameScoresVC.swift */ = {isa = PBXFileReference; lastKnownFileType = sourcecode.swift; path = GameScoresVC.swift; sourceTree = "<group>"; };
		FBE4C0972343FA9100BE1C37 /* Event.swift */ = {isa = PBXFileReference; lastKnownFileType = sourcecode.swift; path = Event.swift; sourceTree = "<group>"; };
		FBE4C09D2343FC2D00BE1C37 /* BoutTimeGame.swift */ = {isa = PBXFileReference; lastKnownFileType = sourcecode.swift; path = BoutTimeGame.swift; sourceTree = "<group>"; };
		FBE4C09F2343FC7A00BE1C37 /* RandomEventsGenerator.swift */ = {isa = PBXFileReference; lastKnownFileType = sourcecode.swift; path = RandomEventsGenerator.swift; sourceTree = "<group>"; };
		FBE4C0A12343FCA700BE1C37 /* SoundEffectsPlayer.swift */ = {isa = PBXFileReference; lastKnownFileType = sourcecode.swift; path = SoundEffectsPlayer.swift; sourceTree = "<group>"; };
/* End PBXFileReference section */

/* Begin PBXFrameworksBuildPhase section */
		FB434AD02342B07C00FF4EB8 /* Frameworks */ = {
			isa = PBXFrameworksBuildPhase;
			buildActionMask = 2147483647;
			files = (
			);
			runOnlyForDeploymentPostprocessing = 0;
		};
/* End PBXFrameworksBuildPhase section */

/* Begin PBXGroup section */
		FB434ACA2342B07C00FF4EB8 = {
			isa = PBXGroup;
			children = (
				FB434AD52342B07C00FF4EB8 /* BoutTime */,
				FB434AD42342B07C00FF4EB8 /* Products */,
			);
			sourceTree = "<group>";
		};
		FB434AD42342B07C00FF4EB8 /* Products */ = {
			isa = PBXGroup;
			children = (
				FB434AD32342B07C00FF4EB8 /* BoutTime.app */,
			);
			name = Products;
			sourceTree = "<group>";
		};
		FB434AD52342B07C00FF4EB8 /* BoutTime */ = {
			isa = PBXGroup;
			children = (
				FB8A91422344F69F001DF0AA /* GameSounds */,
				FB8A91472344F7DA001DF0AA /* Model */,
				FB8A91482344F832001DF0AA /* Controller */,
				FB434AD62342B07C00FF4EB8 /* AppDelegate.swift */,
				FB434ADA2342B07C00FF4EB8 /* Main.storyboard */,
				FB434ADD2342B07E00FF4EB8 /* Assets.xcassets */,
				FB434ADF2342B07E00FF4EB8 /* LaunchScreen.storyboard */,
				FB434AE22342B07E00FF4EB8 /* Info.plist */,
				FB434AE82342B4E800FF4EB8 /* WorldEvents.plist */,
			);
			path = BoutTime;
			sourceTree = "<group>";
		};
		FB8A91422344F69F001DF0AA /* GameSounds */ = {
			isa = PBXGroup;
			children = (
				FB8A91452344F7BF001DF0AA /* CorrectDing.wav */,
				FB8A91432344F7B6001DF0AA /* IncorrectBuzz.wav */,
			);
			path = GameSounds;
			sourceTree = "<group>";
		};
		FB8A91472344F7DA001DF0AA /* Model */ = {
			isa = PBXGroup;
			children = (
				FBE4C0A12343FCA700BE1C37 /* SoundEffectsPlayer.swift */,
				FBE4C09D2343FC2D00BE1C37 /* BoutTimeGame.swift */,
				FBE4C09F2343FC7A00BE1C37 /* RandomEventsGenerator.swift */,
				FBE4C0972343FA9100BE1C37 /* Event.swift */,
			);
			path = Model;
			sourceTree = "<group>";
		};
		FB8A91482344F832001DF0AA /* Controller */ = {
			isa = PBXGroup;
			children = (
				FB434AD82342B07C00FF4EB8 /* GamePlayVC.swift */,
				FBE4C0952343FA3F00BE1C37 /* GameScoresVC.swift */,
			);
			path = Controller;
			sourceTree = "<group>";
		};
/* End PBXGroup section */

/* Begin PBXNativeTarget section */
		FB434AD22342B07C00FF4EB8 /* BoutTime */ = {
			isa = PBXNativeTarget;
			buildConfigurationList = FB434AE52342B07E00FF4EB8 /* Build configuration list for PBXNativeTarget "BoutTime" */;
			buildPhases = (
				FB434ACF2342B07C00FF4EB8 /* Sources */,
				FB434AD02342B07C00FF4EB8 /* Frameworks */,
				FB434AD12342B07C00FF4EB8 /* Resources */,
			);
			buildRules = (
			);
			dependencies = (
			);
			name = BoutTime;
			productName = BoutTime;
			productReference = FB434AD32342B07C00FF4EB8 /* BoutTime.app */;
			productType = "com.apple.product-type.application";
		};
/* End PBXNativeTarget section */

/* Begin PBXProject section */
		FB434ACB2342B07C00FF4EB8 /* Project object */ = {
			isa = PBXProject;
			attributes = {
				LastSwiftUpdateCheck = 1010;
				LastUpgradeCheck = 1010;
				ORGANIZATIONNAME = thechoygroup;
				TargetAttributes = {
					FB434AD22342B07C00FF4EB8 = {
						CreatedOnToolsVersion = 10.1;
					};
				};
			};
			buildConfigurationList = FB434ACE2342B07C00FF4EB8 /* Build configuration list for PBXProject "BoutTime" */;
			compatibilityVersion = "Xcode 9.3";
			developmentRegion = en;
			hasScannedForEncodings = 0;
			knownRegions = (
				en,
				Base,
			);
			mainGroup = FB434ACA2342B07C00FF4EB8;
			productRefGroup = FB434AD42342B07C00FF4EB8 /* Products */;
			projectDirPath = "";
			projectRoot = "";
			targets = (
				FB434AD22342B07C00FF4EB8 /* BoutTime */,
			);
		};
/* End PBXProject section */

/* Begin PBXResourcesBuildPhase section */
		FB434AD12342B07C00FF4EB8 /* Resources */ = {
			isa = PBXResourcesBuildPhase;
			buildActionMask = 2147483647;
			files = (
				FB434AE12342B07E00FF4EB8 /* LaunchScreen.storyboard in Resources */,
				FB8A91462344F7BF001DF0AA /* CorrectDing.wav in Resources */,
				FB8A91442344F7B6001DF0AA /* IncorrectBuzz.wav in Resources */,
				FB434ADE2342B07E00FF4EB8 /* Assets.xcassets in Resources */,
				FB434ADC2342B07C00FF4EB8 /* Main.storyboard in Resources */,
				FB434AE92342B4E800FF4EB8 /* WorldEvents.plist in Resources */,
			);
			runOnlyForDeploymentPostprocessing = 0;
		};
/* End PBXResourcesBuildPhase section */

/* Begin PBXSourcesBuildPhase section */
		FB434ACF2342B07C00FF4EB8 /* Sources */ = {
			isa = PBXSourcesBuildPhase;
			buildActionMask = 2147483647;
			files = (
				FB434AD92342B07C00FF4EB8 /* GamePlayVC.swift in Sources */,
				FB434AD72342B07C00FF4EB8 /* AppDelegate.swift in Sources */,
				FBE4C09E2343FC2D00BE1C37 /* BoutTimeGame.swift in Sources */,
				FBE4C0A02343FC7A00BE1C37 /* RandomEventsGenerator.swift in Sources */,
				FBE4C0962343FA3F00BE1C37 /* GameScoresVC.swift in Sources */,
				FBE4C0A22343FCA700BE1C37 /* SoundEffectsPlayer.swift in Sources */,
				FBE4C0982343FA9100BE1C37 /* Event.swift in Sources */,
			);
			runOnlyForDeploymentPostprocessing = 0;
		};
/* End PBXSourcesBuildPhase section */

/* Begin PBXVariantGroup section */
		FB434ADA2342B07C00FF4EB8 /* Main.storyboard */ = {
			isa = PBXVariantGroup;
			children = (
				FB434ADB2342B07C00FF4EB8 /* Base */,
			);
			name = Main.storyboard;
			sourceTree = "<group>";
		};
		FB434ADF2342B07E00FF4EB8 /* LaunchScreen.storyboard */ = {
			isa = PBXVariantGroup;
			children = (
				FB434AE02342B07E00FF4EB8 /* Base */,
			);
			name = LaunchScreen.storyboard;
			sourceTree = "<group>";
		};
/* End PBXVariantGroup section */

/* Begin XCBuildConfiguration section */
		FB434AE32342B07E00FF4EB8 /* Debug */ = {
			isa = XCBuildConfiguration;
			buildSettings = {
				ALWAYS_SEARCH_USER_PATHS = NO;
				CLANG_ANALYZER_NONNULL = YES;
				CLANG_ANALYZER_NUMBER_OBJECT_CONVERSION = YES_AGGRESSIVE;
				CLANG_CXX_LANGUAGE_STANDARD = "gnu++14";
				CLANG_CXX_LIBRARY = "libc++";
				CLANG_ENABLE_MODULES = YES;
				CLANG_ENABLE_OBJC_ARC = YES;
				CLANG_ENABLE_OBJC_WEAK = YES;
				CLANG_WARN_BLOCK_CAPTURE_AUTORELEASING = YES;
				CLANG_WARN_BOOL_CONVERSION = YES;
				CLANG_WARN_COMMA = YES;
				CLANG_WARN_CONSTANT_CONVERSION = YES;
				CLANG_WARN_DEPRECATED_OBJC_IMPLEMENTATIONS = YES;
				CLANG_WARN_DIRECT_OBJC_ISA_USAGE = YES_ERROR;
				CLANG_WARN_DOCUMENTATION_COMMENTS = YES;
				CLANG_WARN_EMPTY_BODY = YES;
				CLANG_WARN_ENUM_CONVERSION = YES;
				CLANG_WARN_INFINITE_RECURSION = YES;
				CLANG_WARN_INT_CONVERSION = YES;
				CLANG_WARN_NON_LITERAL_NULL_CONVERSION = YES;
				CLANG_WARN_OBJC_IMPLICIT_RETAIN_SELF = YES;
				CLANG_WARN_OBJC_LITERAL_CONVERSION = YES;
				CLANG_WARN_OBJC_ROOT_CLASS = YES_ERROR;
				CLANG_WARN_RANGE_LOOP_ANALYSIS = YES;
				CLANG_WARN_STRICT_PROTOTYPES = YES;
				CLANG_WARN_SUSPICIOUS_MOVE = YES;
				CLANG_WARN_UNGUARDED_AVAILABILITY = YES_AGGRESSIVE;
				CLANG_WARN_UNREACHABLE_CODE = YES;
				CLANG_WARN__DUPLICATE_METHOD_MATCH = YES;
				CODE_SIGN_IDENTITY = "iPhone Developer";
				COPY_PHASE_STRIP = NO;
				DEBUG_INFORMATION_FORMAT = dwarf;
				ENABLE_STRICT_OBJC_MSGSEND = YES;
				ENABLE_TESTABILITY = YES;
				GCC_C_LANGUAGE_STANDARD = gnu11;
				GCC_DYNAMIC_NO_PIC = NO;
				GCC_NO_COMMON_BLOCKS = YES;
				GCC_OPTIMIZATION_LEVEL = 0;
				GCC_PREPROCESSOR_DEFINITIONS = (
					"DEBUG=1",
					"$(inherited)",
				);
				GCC_WARN_64_TO_32_BIT_CONVERSION = YES;
				GCC_WARN_ABOUT_RETURN_TYPE = YES_ERROR;
				GCC_WARN_UNDECLARED_SELECTOR = YES;
				GCC_WARN_UNINITIALIZED_AUTOS = YES_AGGRESSIVE;
				GCC_WARN_UNUSED_FUNCTION = YES;
				GCC_WARN_UNUSED_VARIABLE = YES;
				IPHONEOS_DEPLOYMENT_TARGET = 12.0;
				MTL_ENABLE_DEBUG_INFO = INCLUDE_SOURCE;
				MTL_FAST_MATH = YES;
				ONLY_ACTIVE_ARCH = YES;
				SDKROOT = iphoneos;
				SWIFT_ACTIVE_COMPILATION_CONDITIONS = DEBUG;
				SWIFT_OPTIMIZATION_LEVEL = "-Onone";
			};
			name = Debug;
		};
		FB434AE42342B07E00FF4EB8 /* Release */ = {
			isa = XCBuildConfiguration;
			buildSettings = {
				ALWAYS_SEARCH_USER_PATHS = NO;
				CLANG_ANALYZER_NONNULL = YES;
				CLANG_ANALYZER_NUMBER_OBJECT_CONVERSION = YES_AGGRESSIVE;
				CLANG_CXX_LANGUAGE_STANDARD = "gnu++14";
				CLANG_CXX_LIBRARY = "libc++";
				CLANG_ENABLE_MODULES = YES;
				CLANG_ENABLE_OBJC_ARC = YES;
				CLANG_ENABLE_OBJC_WEAK = YES;
				CLANG_WARN_BLOCK_CAPTURE_AUTORELEASING = YES;
				CLANG_WARN_BOOL_CONVERSION = YES;
				CLANG_WARN_COMMA = YES;
				CLANG_WARN_CONSTANT_CONVERSION = YES;
				CLANG_WARN_DEPRECATED_OBJC_IMPLEMENTATIONS = YES;
				CLANG_WARN_DIRECT_OBJC_ISA_USAGE = YES_ERROR;
				CLANG_WARN_DOCUMENTATION_COMMENTS = YES;
				CLANG_WARN_EMPTY_BODY = YES;
				CLANG_WARN_ENUM_CONVERSION = YES;
				CLANG_WARN_INFINITE_RECURSION = YES;
				CLANG_WARN_INT_CONVERSION = YES;
				CLANG_WARN_NON_LITERAL_NULL_CONVERSION = YES;
				CLANG_WARN_OBJC_IMPLICIT_RETAIN_SELF = YES;
				CLANG_WARN_OBJC_LITERAL_CONVERSION = YES;
				CLANG_WARN_OBJC_ROOT_CLASS = YES_ERROR;
				CLANG_WARN_RANGE_LOOP_ANALYSIS = YES;
				CLANG_WARN_STRICT_PROTOTYPES = YES;
				CLANG_WARN_SUSPICIOUS_MOVE = YES;
				CLANG_WARN_UNGUARDED_AVAILABILITY = YES_AGGRESSIVE;
				CLANG_WARN_UNREACHABLE_CODE = YES;
				CLANG_WARN__DUPLICATE_METHOD_MATCH = YES;
				CODE_SIGN_IDENTITY = "iPhone Developer";
				COPY_PHASE_STRIP = NO;
				DEBUG_INFORMATION_FORMAT = "dwarf-with-dsym";
				ENABLE_NS_ASSERTIONS = NO;
				ENABLE_STRICT_OBJC_MSGSEND = YES;
				GCC_C_LANGUAGE_STANDARD = gnu11;
				GCC_NO_COMMON_BLOCKS = YES;
				GCC_WARN_64_TO_32_BIT_CONVERSION = YES;
				GCC_WARN_ABOUT_RETURN_TYPE = YES_ERROR;
				GCC_WARN_UNDECLARED_SELECTOR = YES;
				GCC_WARN_UNINITIALIZED_AUTOS = YES_AGGRESSIVE;
				GCC_WARN_UNUSED_FUNCTION = YES;
				GCC_WARN_UNUSED_VARIABLE = YES;
				IPHONEOS_DEPLOYMENT_TARGET = 12.0;
				MTL_ENABLE_DEBUG_INFO = NO;
				MTL_FAST_MATH = YES;
				SDKROOT = iphoneos;
				SWIFT_COMPILATION_MODE = wholemodule;
				SWIFT_OPTIMIZATION_LEVEL = "-O";
				VALIDATE_PRODUCT = YES;
			};
			name = Release;
		};
		FB434AE62342B07E00FF4EB8 /* Debug */ = {
			isa = XCBuildConfiguration;
			buildSettings = {
				ASSETCATALOG_COMPILER_APPICON_NAME = AppIcon;
				CODE_SIGN_STYLE = Automatic;
				DEVELOPMENT_TEAM = YF9VDWBXX5;
				INFOPLIST_FILE = BoutTime/Info.plist;
				LD_RUNPATH_SEARCH_PATHS = (
					"$(inherited)",
					"@executable_path/Frameworks",
				);
				PRODUCT_BUNDLE_IDENTIFIER = com.thechoygroup.BoutTime;
				PRODUCT_NAME = "$(TARGET_NAME)";
				SWIFT_VERSION = 4.2;
				TARGETED_DEVICE_FAMILY = 1;
			};
			name = Debug;
		};
		FB434AE72342B07E00FF4EB8 /* Release */ = {
			isa = XCBuildConfiguration;
			buildSettings = {
				ASSETCATALOG_COMPILER_APPICON_NAME = AppIcon;
				CODE_SIGN_STYLE = Automatic;
				DEVELOPMENT_TEAM = YF9VDWBXX5;
				INFOPLIST_FILE = BoutTime/Info.plist;
				LD_RUNPATH_SEARCH_PATHS = (
					"$(inherited)",
					"@executable_path/Frameworks",
				);
				PRODUCT_BUNDLE_IDENTIFIER = com.thechoygroup.BoutTime;
				PRODUCT_NAME = "$(TARGET_NAME)";
				SWIFT_VERSION = 4.2;
				TARGETED_DEVICE_FAMILY = 1;
			};
			name = Release;
		};
/* End XCBuildConfiguration section */

/* Begin XCConfigurationList section */
		FB434ACE2342B07C00FF4EB8 /* Build configuration list for PBXProject "BoutTime" */ = {
			isa = XCConfigurationList;
			buildConfigurations = (
				FB434AE32342B07E00FF4EB8 /* Debug */,
				FB434AE42342B07E00FF4EB8 /* Release */,
			);
			defaultConfigurationIsVisible = 0;
			defaultConfigurationName = Release;
		};
		FB434AE52342B07E00FF4EB8 /* Build configuration list for PBXNativeTarget "BoutTime" */ = {
			isa = XCConfigurationList;
			buildConfigurations = (
				FB434AE62342B07E00FF4EB8 /* Debug */,
				FB434AE72342B07E00FF4EB8 /* Release */,
			);
			defaultConfigurationIsVisible = 0;
			defaultConfigurationName = Release;
		};
/* End XCConfigurationList section */
	};
	rootObject = FB434ACB2342B07C00FF4EB8 /* Project object */;
}
